// !$*UTF8*$!
{
	archiveVersion = 1;
	classes = {
	};
	objectVersion = 55;
	objects = {

/* Begin PBXBuildFile section */
		3805A7A9289EFD30009A34A3 /* Gotham-Bold.otf in Resources */ = {isa = PBXBuildFile; fileRef = 3805A7A8289EFD30009A34A3 /* Gotham-Bold.otf */; };
		3805A7AB289EFD3E009A34A3 /* Gotham-Black.otf in Resources */ = {isa = PBXBuildFile; fileRef = 3805A7AA289EFD3E009A34A3 /* Gotham-Black.otf */; };
		3861D1A8289EE5CE0001C187 /* SwiftUIDevApp.swift in Sources */ = {isa = PBXBuildFile; fileRef = 3861D1A7289EE5CE0001C187 /* SwiftUIDevApp.swift */; };
		3861D1AA289EE5CE0001C187 /* ContentView.swift in Sources */ = {isa = PBXBuildFile; fileRef = 3861D1A9289EE5CE0001C187 /* ContentView.swift */; };
		3861D1AC289EE5CE0001C187 /* Assets.xcassets in Resources */ = {isa = PBXBuildFile; fileRef = 3861D1AB289EE5CE0001C187 /* Assets.xcassets */; };
		3861D1AF289EE5CE0001C187 /* Preview Assets.xcassets in Resources */ = {isa = PBXBuildFile; fileRef = 3861D1AE289EE5CE0001C187 /* Preview Assets.xcassets */; };
		3861D1B6289EE6900001C187 /* Model.swift in Sources */ = {isa = PBXBuildFile; fileRef = 3861D1B5289EE6900001C187 /* Model.swift */; };
		3861D1B9289EE6A70001C187 /* LoginView.swift in Sources */ = {isa = PBXBuildFile; fileRef = 3861D1B8289EE6A70001C187 /* LoginView.swift */; };
		38E88C6028A480B200B6634E /* SignupButton.swift in Sources */ = {isa = PBXBuildFile; fileRef = 38E88C5F28A480B200B6634E /* SignupButton.swift */; };
		38E88C6328A4826200B6634E /* Text+.swift in Sources */ = {isa = PBXBuildFile; fileRef = 38E88C6228A4826200B6634E /* Text+.swift */; };
/* End PBXBuildFile section */

/* Begin PBXFileReference section */
		3805A7A8289EFD30009A34A3 /* Gotham-Bold.otf */ = {isa = PBXFileReference; lastKnownFileType = file; path = "Gotham-Bold.otf"; sourceTree = "<group>"; };
		3805A7AA289EFD3E009A34A3 /* Gotham-Black.otf */ = {isa = PBXFileReference; lastKnownFileType = file; path = "Gotham-Black.otf"; sourceTree = "<group>"; };
		3805A7AC289EFDD2009A34A3 /* Info.plist */ = {isa = PBXFileReference; lastKnownFileType = text.plist; path = Info.plist; sourceTree = "<group>"; };
		3861D1A4289EE5CE0001C187 /* SwiftUIDev.app */ = {isa = PBXFileReference; explicitFileType = wrapper.application; includeInIndex = 0; path = SwiftUIDev.app; sourceTree = BUILT_PRODUCTS_DIR; };
		3861D1A7289EE5CE0001C187 /* SwiftUIDevApp.swift */ = {isa = PBXFileReference; lastKnownFileType = sourcecode.swift; path = SwiftUIDevApp.swift; sourceTree = "<group>"; };
		3861D1A9289EE5CE0001C187 /* ContentView.swift */ = {isa = PBXFileReference; lastKnownFileType = sourcecode.swift; path = ContentView.swift; sourceTree = "<group>"; };
		3861D1AB289EE5CE0001C187 /* Assets.xcassets */ = {isa = PBXFileReference; lastKnownFileType = folder.assetcatalog; path = Assets.xcassets; sourceTree = "<group>"; };
		3861D1AE289EE5CE0001C187 /* Preview Assets.xcassets */ = {isa = PBXFileReference; lastKnownFileType = folder.assetcatalog; path = "Preview Assets.xcassets"; sourceTree = "<group>"; };
		3861D1B5289EE6900001C187 /* Model.swift */ = {isa = PBXFileReference; lastKnownFileType = sourcecode.swift; path = Model.swift; sourceTree = "<group>"; };
		3861D1B8289EE6A70001C187 /* LoginView.swift */ = {isa = PBXFileReference; lastKnownFileType = sourcecode.swift; path = LoginView.swift; sourceTree = "<group>"; };
		38E88C5F28A480B200B6634E /* SignupButton.swift */ = {isa = PBXFileReference; lastKnownFileType = sourcecode.swift; path = SignupButton.swift; sourceTree = "<group>"; };
		38E88C6228A4826200B6634E /* Text+.swift */ = {isa = PBXFileReference; lastKnownFileType = sourcecode.swift; path = "Text+.swift"; sourceTree = "<group>"; };
/* End PBXFileReference section */

/* Begin PBXFrameworksBuildPhase section */
		3861D1A1289EE5CE0001C187 /* Frameworks */ = {
			isa = PBXFrameworksBuildPhase;
			buildActionMask = 2147483647;
			files = (
			);
			runOnlyForDeploymentPostprocessing = 0;
		};
/* End PBXFrameworksBuildPhase section */

/* Begin PBXGroup section */
		3805A7AD289EFE00009A34A3 /* Fonts */ = {
			isa = PBXGroup;
			children = (
				3805A7A8289EFD30009A34A3 /* Gotham-Bold.otf */,
				3805A7AA289EFD3E009A34A3 /* Gotham-Black.otf */,
			);
			path = Fonts;
			sourceTree = "<group>";
		};
		3861D19B289EE5CE0001C187 = {
			isa = PBXGroup;
			children = (
				3861D1A6289EE5CE0001C187 /* SwiftUIDev */,
				3861D1A5289EE5CE0001C187 /* Products */,
			);
			sourceTree = "<group>";
		};
		3861D1A5289EE5CE0001C187 /* Products */ = {
			isa = PBXGroup;
			children = (
				3861D1A4289EE5CE0001C187 /* SwiftUIDev.app */,
			);
			name = Products;
			sourceTree = "<group>";
		};
		3861D1A6289EE5CE0001C187 /* SwiftUIDev */ = {
			isa = PBXGroup;
			children = (
				3805A7AC289EFDD2009A34A3 /* Info.plist */,
				3861D1B7289EE6970001C187 /* Spotify */,
				3861D1A7289EE5CE0001C187 /* SwiftUIDevApp.swift */,
				3861D1A9289EE5CE0001C187 /* ContentView.swift */,
				3861D1AB289EE5CE0001C187 /* Assets.xcassets */,
				3861D1AD289EE5CE0001C187 /* Preview Content */,
			);
			path = SwiftUIDev;
			sourceTree = "<group>";
		};
		3861D1AD289EE5CE0001C187 /* Preview Content */ = {
			isa = PBXGroup;
			children = (
				3861D1AE289EE5CE0001C187 /* Preview Assets.xcassets */,
			);
			path = "Preview Content";
			sourceTree = "<group>";
		};
		3861D1B7289EE6970001C187 /* Spotify */ = {
			isa = PBXGroup;
			children = (
				38E88C6128A4823600B6634E /* Extensions */,
				38E88C5E28A4809200B6634E /* UIComponents */,
				3805A7AD289EFE00009A34A3 /* Fonts */,
				3861D1B5289EE6900001C187 /* Model.swift */,
				3861D1B8289EE6A70001C187 /* LoginView.swift */,
			);
			path = Spotify;
			sourceTree = "<group>";
		};
		38E88C5E28A4809200B6634E /* UIComponents */ = {
			isa = PBXGroup;
			children = (
				38E88C5F28A480B200B6634E /* SignupButton.swift */,
			);
			path = UIComponents;
			sourceTree = "<group>";
		};
		38E88C6128A4823600B6634E /* Extensions */ = {
			isa = PBXGroup;
			children = (
				38E88C6228A4826200B6634E /* Text+.swift */,
			);
			path = Extensions;
			sourceTree = "<group>";
		};
/* End PBXGroup section */

/* Begin PBXNativeTarget section */
		3861D1A3289EE5CE0001C187 /* SwiftUIDev */ = {
			isa = PBXNativeTarget;
			buildConfigurationList = 3861D1B2289EE5CE0001C187 /* Build configuration list for PBXNativeTarget "SwiftUIDev" */;
			buildPhases = (
				3861D1A0289EE5CE0001C187 /* Sources */,
				3861D1A1289EE5CE0001C187 /* Frameworks */,
				3861D1A2289EE5CE0001C187 /* Resources */,
			);
			buildRules = (
			);
			dependencies = (
			);
			name = SwiftUIDev;
			productName = SwiftUIDev;
			productReference = 3861D1A4289EE5CE0001C187 /* SwiftUIDev.app */;
			productType = "com.apple.product-type.application";
		};
/* End PBXNativeTarget section */

/* Begin PBXProject section */
		3861D19C289EE5CE0001C187 /* Project object */ = {
			isa = PBXProject;
			attributes = {
				BuildIndependentTargetsInParallel = 1;
				LastSwiftUpdateCheck = 1340;
				LastUpgradeCheck = 1340;
				TargetAttributes = {
					3861D1A3289EE5CE0001C187 = {
						CreatedOnToolsVersion = 13.4.1;
					};
				};
			};
			buildConfigurationList = 3861D19F289EE5CE0001C187 /* Build configuration list for PBXProject "SwiftUIDev" */;
			compatibilityVersion = "Xcode 13.0";
			developmentRegion = en;
			hasScannedForEncodings = 0;
			knownRegions = (
				en,
				Base,
			);
			mainGroup = 3861D19B289EE5CE0001C187;
			productRefGroup = 3861D1A5289EE5CE0001C187 /* Products */;
			projectDirPath = "";
			projectRoot = "";
			targets = (
				3861D1A3289EE5CE0001C187 /* SwiftUIDev */,
			);
		};
/* End PBXProject section */

/* Begin PBXResourcesBuildPhase section */
		3861D1A2289EE5CE0001C187 /* Resources */ = {
			isa = PBXResourcesBuildPhase;
			buildActionMask = 2147483647;
			files = (
				3805A7A9289EFD30009A34A3 /* Gotham-Bold.otf in Resources */,
				3805A7AB289EFD3E009A34A3 /* Gotham-Black.otf in Resources */,
				3861D1AF289EE5CE0001C187 /* Preview Assets.xcassets in Resources */,
				3861D1AC289EE5CE0001C187 /* Assets.xcassets in Resources */,
			);
			runOnlyForDeploymentPostprocessing = 0;
		};
/* End PBXResourcesBuildPhase section */

/* Begin PBXSourcesBuildPhase section */
		3861D1A0289EE5CE0001C187 /* Sources */ = {
			isa = PBXSourcesBuildPhase;
			buildActionMask = 2147483647;
			files = (
				3861D1B6289EE6900001C187 /* Model.swift in Sources */,
				3861D1AA289EE5CE0001C187 /* ContentView.swift in Sources */,
				38E88C6028A480B200B6634E /* SignupButton.swift in Sources */,
				3861D1B9289EE6A70001C187 /* LoginView.swift in Sources */,
				38E88C6328A4826200B6634E /* Text+.swift in Sources */,
				3861D1A8289EE5CE0001C187 /* SwiftUIDevApp.swift in Sources */,
			);
			runOnlyForDeploymentPostprocessing = 0;
		};
/* End PBXSourcesBuildPhase section */

/* Begin XCBuildConfiguration section */
		3861D1B0289EE5CE0001C187 /* Debug */ = {
			isa = XCBuildConfiguration;
			buildSettings = {
				ALWAYS_SEARCH_USER_PATHS = NO;
				CLANG_ANALYZER_NONNULL = YES;
				CLANG_ANALYZER_NUMBER_OBJECT_CONVERSION = YES_AGGRESSIVE;
				CLANG_CXX_LANGUAGE_STANDARD = "gnu++17";
				CLANG_ENABLE_MODULES = YES;
				CLANG_ENABLE_OBJC_ARC = YES;
				CLANG_ENABLE_OBJC_WEAK = YES;
				CLANG_WARN_BLOCK_CAPTURE_AUTORELEASING = YES;
				CLANG_WARN_BOOL_CONVERSION = YES;
				CLANG_WARN_COMMA = YES;
				CLANG_WARN_CONSTANT_CONVERSION = YES;
				CLANG_WARN_DEPRECATED_OBJC_IMPLEMENTATIONS = YES;
				CLANG_WARN_DIRECT_OBJC_ISA_USAGE = YES_ERROR;
				CLANG_WARN_DOCUMENTATION_COMMENTS = YES;
				CLANG_WARN_EMPTY_BODY = YES;
				CLANG_WARN_ENUM_CONVERSION = YES;
				CLANG_WARN_INFINITE_RECURSION = YES;
				CLANG_WARN_INT_CONVERSION = YES;
				CLANG_WARN_NON_LITERAL_NULL_CONVERSION = YES;
				CLANG_WARN_OBJC_IMPLICIT_RETAIN_SELF = YES;
				CLANG_WARN_OBJC_LITERAL_CONVERSION = YES;
				CLANG_WARN_OBJC_ROOT_CLASS = YES_ERROR;
				CLANG_WARN_QUOTED_INCLUDE_IN_FRAMEWORK_HEADER = YES;
				CLANG_WARN_RANGE_LOOP_ANALYSIS = YES;
				CLANG_WARN_STRICT_PROTOTYPES = YES;
				CLANG_WARN_SUSPICIOUS_MOVE = YES;
				CLANG_WARN_UNGUARDED_AVAILABILITY = YES_AGGRESSIVE;
				CLANG_WARN_UNREACHABLE_CODE = YES;
				CLANG_WARN__DUPLICATE_METHOD_MATCH = YES;
				COPY_PHASE_STRIP = NO;
				DEBUG_INFORMATION_FORMAT = dwarf;
				ENABLE_STRICT_OBJC_MSGSEND = YES;
				ENABLE_TESTABILITY = YES;
				GCC_C_LANGUAGE_STANDARD = gnu11;
				GCC_DYNAMIC_NO_PIC = NO;
				GCC_NO_COMMON_BLOCKS = YES;
				GCC_OPTIMIZATION_LEVEL = 0;
				GCC_PREPROCESSOR_DEFINITIONS = (
					"DEBUG=1",
					"$(inherited)",
				);
				GCC_WARN_64_TO_32_BIT_CONVERSION = YES;
				GCC_WARN_ABOUT_RETURN_TYPE = YES_ERROR;
				GCC_WARN_UNDECLARED_SELECTOR = YES;
				GCC_WARN_UNINITIALIZED_AUTOS = YES_AGGRESSIVE;
				GCC_WARN_UNUSED_FUNCTION = YES;
				GCC_WARN_UNUSED_VARIABLE = YES;
				IPHONEOS_DEPLOYMENT_TARGET = 15.5;
				MTL_ENABLE_DEBUG_INFO = INCLUDE_SOURCE;
				MTL_FAST_MATH = YES;
				ONLY_ACTIVE_ARCH = YES;
				SDKROOT = iphoneos;
				SWIFT_ACTIVE_COMPILATION_CONDITIONS = DEBUG;
				SWIFT_OPTIMIZATION_LEVEL = "-Onone";
			};
			name = Debug;
		};
		3861D1B1289EE5CE0001C187 /* Release */ = {
			isa = XCBuildConfiguration;
			buildSettings = {
				ALWAYS_SEARCH_USER_PATHS = NO;
				CLANG_ANALYZER_NONNULL = YES;
				CLANG_ANALYZER_NUMBER_OBJECT_CONVERSION = YES_AGGRESSIVE;
				CLANG_CXX_LANGUAGE_STANDARD = "gnu++17";
				CLANG_ENABLE_MODULES = YES;
				CLANG_ENABLE_OBJC_ARC = YES;
				CLANG_ENABLE_OBJC_WEAK = YES;
				CLANG_WARN_BLOCK_CAPTURE_AUTORELEASING = YES;
				CLANG_WARN_BOOL_CONVERSION = YES;
				CLANG_WARN_COMMA = YES;
				CLANG_WARN_CONSTANT_CONVERSION = YES;
				CLANG_WARN_DEPRECATED_OBJC_IMPLEMENTATIONS = YES;
				CLANG_WARN_DIRECT_OBJC_ISA_USAGE = YES_ERROR;
				CLANG_WARN_DOCUMENTATION_COMMENTS = YES;
				CLANG_WARN_EMPTY_BODY = YES;
				CLANG_WARN_ENUM_CONVERSION = YES;
				CLANG_WARN_INFINITE_RECURSION = YES;
				CLANG_WARN_INT_CONVERSION = YES;
				CLANG_WARN_NON_LITERAL_NULL_CONVERSION = YES;
				CLANG_WARN_OBJC_IMPLICIT_RETAIN_SELF = YES;
				CLANG_WARN_OBJC_LITERAL_CONVERSION = YES;
				CLANG_WARN_OBJC_ROOT_CLASS = YES_ERROR;
				CLANG_WARN_QUOTED_INCLUDE_IN_FRAMEWORK_HEADER = YES;
				CLANG_WARN_RANGE_LOOP_ANALYSIS = YES;
				CLANG_WARN_STRICT_PROTOTYPES = YES;
				CLANG_WARN_SUSPICIOUS_MOVE = YES;
				CLANG_WARN_UNGUARDED_AVAILABILITY = YES_AGGRESSIVE;
				CLANG_WARN_UNREACHABLE_CODE = YES;
				CLANG_WARN__DUPLICATE_METHOD_MATCH = YES;
				COPY_PHASE_STRIP = NO;
				DEBUG_INFORMATION_FORMAT = "dwarf-with-dsym";
				ENABLE_NS_ASSERTIONS = NO;
				ENABLE_STRICT_OBJC_MSGSEND = YES;
				GCC_C_LANGUAGE_STANDARD = gnu11;
				GCC_NO_COMMON_BLOCKS = YES;
				GCC_WARN_64_TO_32_BIT_CONVERSION = YES;
				GCC_WARN_ABOUT_RETURN_TYPE = YES_ERROR;
				GCC_WARN_UNDECLARED_SELECTOR = YES;
				GCC_WARN_UNINITIALIZED_AUTOS = YES_AGGRESSIVE;
				GCC_WARN_UNUSED_FUNCTION = YES;
				GCC_WARN_UNUSED_VARIABLE = YES;
				IPHONEOS_DEPLOYMENT_TARGET = 15.5;
				MTL_ENABLE_DEBUG_INFO = NO;
				MTL_FAST_MATH = YES;
				SDKROOT = iphoneos;
				SWIFT_COMPILATION_MODE = wholemodule;
				SWIFT_OPTIMIZATION_LEVEL = "-O";
				VALIDATE_PRODUCT = YES;
			};
			name = Release;
		};
		3861D1B3289EE5CE0001C187 /* Debug */ = {
			isa = XCBuildConfiguration;
			buildSettings = {
				ASSETCATALOG_COMPILER_APPICON_NAME = AppIcon;
				ASSETCATALOG_COMPILER_GLOBAL_ACCENT_COLOR_NAME = AccentColor;
				CODE_SIGN_STYLE = Automatic;
				CURRENT_PROJECT_VERSION = 1;
				DEVELOPMENT_ASSET_PATHS = "\"SwiftUIDev/Preview Content\"";
				DEVELOPMENT_TEAM = 82DRSFKFS9;
				ENABLE_PREVIEWS = YES;
				GENERATE_INFOPLIST_FILE = YES;
				INFOPLIST_FILE = SwiftUIDev/Info.plist;
				INFOPLIST_KEY_UIApplicationSceneManifest_Generation = YES;
				INFOPLIST_KEY_UIApplicationSupportsIndirectInputEvents = YES;
				INFOPLIST_KEY_UILaunchScreen_Generation = YES;
				INFOPLIST_KEY_UISupportedInterfaceOrientations_iPad = "UIInterfaceOrientationPortrait UIInterfaceOrientationPortraitUpsideDown UIInterfaceOrientationLandscapeLeft UIInterfaceOrientationLandscapeRight";
				INFOPLIST_KEY_UISupportedInterfaceOrientations_iPhone = "UIInterfaceOrientationPortrait UIInterfaceOrientationLandscapeLeft UIInterfaceOrientationLandscapeRight";
				LD_RUNPATH_SEARCH_PATHS = (
					"$(inherited)",
					"@executable_path/Frameworks",
				);
				MARKETING_VERSION = 1.0;
				PRODUCT_BUNDLE_IDENTIFIER = com.jisoo.SwiftUIDev;
				PRODUCT_NAME = "$(TARGET_NAME)";
				SWIFT_EMIT_LOC_STRINGS = YES;
				SWIFT_VERSION = 5.0;
				TARGETED_DEVICE_FAMILY = "1,2";
			};
			name = Debug;
		};
		3861D1B4289EE5CE0001C187 /* Release */ = {
			isa = XCBuildConfiguration;
			buildSettings = {
				ASSETCATALOG_COMPILER_APPICON_NAME = AppIcon;
				ASSETCATALOG_COMPILER_GLOBAL_ACCENT_COLOR_NAME = AccentColor;
				CODE_SIGN_STYLE = Automatic;
				CURRENT_PROJECT_VERSION = 1;
				DEVELOPMENT_ASSET_PATHS = "\"SwiftUIDev/Preview Content\"";
				DEVELOPMENT_TEAM = 82DRSFKFS9;
				ENABLE_PREVIEWS = YES;
				GENERATE_INFOPLIST_FILE = YES;
				INFOPLIST_FILE = SwiftUIDev/Info.plist;
				INFOPLIST_KEY_UIApplicationSceneManifest_Generation = YES;
				INFOPLIST_KEY_UIApplicationSupportsIndirectInputEvents = YES;
				INFOPLIST_KEY_UILaunchScreen_Generation = YES;
				INFOPLIST_KEY_UISupportedInterfaceOrientations_iPad = "UIInterfaceOrientationPortrait UIInterfaceOrientationPortraitUpsideDown UIInterfaceOrientationLandscapeLeft UIInterfaceOrientationLandscapeRight";
				INFOPLIST_KEY_UISupportedInterfaceOrientations_iPhone = "UIInterfaceOrientationPortrait UIInterfaceOrientationLandscapeLeft UIInterfaceOrientationLandscapeRight";
				LD_RUNPATH_SEARCH_PATHS = (
					"$(inherited)",
					"@executable_path/Frameworks",
				);
				MARKETING_VERSION = 1.0;
				PRODUCT_BUNDLE_IDENTIFIER = com.jisoo.SwiftUIDev;
				PRODUCT_NAME = "$(TARGET_NAME)";
				SWIFT_EMIT_LOC_STRINGS = YES;
				SWIFT_VERSION = 5.0;
				TARGETED_DEVICE_FAMILY = "1,2";
			};
			name = Release;
		};
/* End XCBuildConfiguration section */

/* Begin XCConfigurationList section */
		3861D19F289EE5CE0001C187 /* Build configuration list for PBXProject "SwiftUIDev" */ = {
			isa = XCConfigurationList;
			buildConfigurations = (
				3861D1B0289EE5CE0001C187 /* Debug */,
				3861D1B1289EE5CE0001C187 /* Release */,
			);
			defaultConfigurationIsVisible = 0;
			defaultConfigurationName = Release;
		};
		3861D1B2289EE5CE0001C187 /* Build configuration list for PBXNativeTarget "SwiftUIDev" */ = {
			isa = XCConfigurationList;
			buildConfigurations = (
				3861D1B3289EE5CE0001C187 /* Debug */,
				3861D1B4289EE5CE0001C187 /* Release */,
			);
			defaultConfigurationIsVisible = 0;
			defaultConfigurationName = Release;
		};
/* End XCConfigurationList section */
	};
	rootObject = 3861D19C289EE5CE0001C187 /* Project object */;
}
